
Microsoft Visual Studio Solution File, Format Version 12.00
# Visual Studio Version 16
VisualStudioVersion = 16.0.30204.135
MinimumVisualStudioVersion = 10.0.40219.1
Project("{FAE04EC0-301F-11D3-BF4B-00C04F79EFBC}") = "mycalc", "mycalc\mycalc.csproj", "{A199FFBB-21D7-476C-BE27-2935DD36003B}"
EndProject
Global
	GlobalSection(SolutionConfigurationPlatforms) = preSolution
		Debug|Any CPU = Debug|Any CPU
		Release|Any CPU = Release|Any CPU
	EndGlobalSection
	GlobalSection(ProjectConfigurationPlatforms) = postSolution
		{A199FFBB-21D7-476C-BE27-2935DD36003B}.Debug|Any CPU.ActiveCfg = Debug|Any CPU
		{A199FFBB-21D7-476C-BE27-2935DD36003B}.Debug|Any CPU.Build.0 = Debug|Any CPU
		{A199FFBB-21D7-476C-BE27-2935DD36003B}.Release|Any CPU.ActiveCfg = Release|Any CPU
		{A199FFBB-21D7-476C-BE27-2935DD36003B}.Release|Any CPU.Build.0 = Release|Any CPU
	EndGlobalSection
	GlobalSection(SolutionProperties) = preSolution
		HideSolutionNode = FALSE
	EndGlobalSection
	GlobalSection(ExtensibilityGlobals) = postSolution
		SolutionGuid = {BF7E8315-DF26-43DC-9462-DD5BAF577EC3}
	EndGlobalSection
EndGlobal
